// !$*UTF8*$!
{
	archiveVersion = 1;
	classes = {
	};
	objectVersion = 56;
	objects = {

/* Begin PBXBuildFile section */
		240BE7932C46531B004A2955 /* SendPhoneScreen in Frameworks */ = {isa = PBXBuildFile; productRef = 240BE7922C46531B004A2955 /* SendPhoneScreen */; };
		24785BBD2C451A0D003A4908 /* HomeWorkUI in Frameworks */ = {isa = PBXBuildFile; productRef = 24785BBC2C451A0D003A4908 /* HomeWorkUI */; };
		24785BBF2C451A10003A4908 /* PinCodeScreen in Frameworks */ = {isa = PBXBuildFile; productRef = 24785BBE2C451A10003A4908 /* PinCodeScreen */; };
		2479690F2C44C9F800ABB9C6 /* WB_HomeWorksApp.swift in Sources */ = {isa = PBXBuildFile; fileRef = 2479690E2C44C9F800ABB9C6 /* WB_HomeWorksApp.swift */; };
		247969112C44C9F800ABB9C6 /* ContentView.swift in Sources */ = {isa = PBXBuildFile; fileRef = 247969102C44C9F800ABB9C6 /* ContentView.swift */; };
		247969132C44C9FA00ABB9C6 /* Assets.xcassets in Resources */ = {isa = PBXBuildFile; fileRef = 247969122C44C9FA00ABB9C6 /* Assets.xcassets */; };
		247969162C44C9FA00ABB9C6 /* Preview Assets.xcassets in Resources */ = {isa = PBXBuildFile; fileRef = 247969152C44C9FA00ABB9C6 /* Preview Assets.xcassets */; };
/* End PBXBuildFile section */

/* Begin PBXFileReference section */
		240BE7912C46487C004A2955 /* SendPhoneScreen */ = {isa = PBXFileReference; lastKnownFileType = wrapper; name = SendPhoneScreen; path = modules/SendPhoneScreen; sourceTree = "<group>"; };
		24785BB92C4519FD003A4908 /* HomeWorkUI */ = {isa = PBXFileReference; lastKnownFileType = wrapper; name = HomeWorkUI; path = modules/HomeWorkUI; sourceTree = "<group>"; };
		24785BBA2C451A06003A4908 /* PinCodeScreen */ = {isa = PBXFileReference; lastKnownFileType = wrapper; name = PinCodeScreen; path = modules/PinCodeScreen; sourceTree = "<group>"; };
		2479690B2C44C9F800ABB9C6 /* WB HomeWorks.app */ = {isa = PBXFileReference; explicitFileType = wrapper.application; includeInIndex = 0; path = "WB HomeWorks.app"; sourceTree = BUILT_PRODUCTS_DIR; };
		2479690E2C44C9F800ABB9C6 /* WB_HomeWorksApp.swift */ = {isa = PBXFileReference; lastKnownFileType = sourcecode.swift; path = WB_HomeWorksApp.swift; sourceTree = "<group>"; };
		247969102C44C9F800ABB9C6 /* ContentView.swift */ = {isa = PBXFileReference; lastKnownFileType = sourcecode.swift; path = ContentView.swift; sourceTree = "<group>"; };
		247969122C44C9FA00ABB9C6 /* Assets.xcassets */ = {isa = PBXFileReference; lastKnownFileType = folder.assetcatalog; path = Assets.xcassets; sourceTree = "<group>"; };
		247969152C44C9FA00ABB9C6 /* Preview Assets.xcassets */ = {isa = PBXFileReference; lastKnownFileType = folder.assetcatalog; path = "Preview Assets.xcassets"; sourceTree = "<group>"; };
/* End PBXFileReference section */

/* Begin PBXFrameworksBuildPhase section */
		247969082C44C9F800ABB9C6 /* Frameworks */ = {
			isa = PBXFrameworksBuildPhase;
			buildActionMask = 2147483647;
			files = (
				24785BBD2C451A0D003A4908 /* HomeWorkUI in Frameworks */,
				240BE7932C46531B004A2955 /* SendPhoneScreen in Frameworks */,
				24785BBF2C451A10003A4908 /* PinCodeScreen in Frameworks */,
			);
			runOnlyForDeploymentPostprocessing = 0;
		};
/* End PBXFrameworksBuildPhase section */

/* Begin PBXGroup section */
		24785BBB2C451A0D003A4908 /* Frameworks */ = {
			isa = PBXGroup;
			children = (
			);
			name = Frameworks;
			sourceTree = "<group>";
		};
		247969022C44C9F800ABB9C6 = {
			isa = PBXGroup;
			children = (
				240BE7912C46487C004A2955 /* SendPhoneScreen */,
				24785BBA2C451A06003A4908 /* PinCodeScreen */,
				24785BB92C4519FD003A4908 /* HomeWorkUI */,
				2479690D2C44C9F800ABB9C6 /* WB HomeWorks */,
				2479690C2C44C9F800ABB9C6 /* Products */,
				24785BBB2C451A0D003A4908 /* Frameworks */,
			);
			sourceTree = "<group>";
		};
		2479690C2C44C9F800ABB9C6 /* Products */ = {
			isa = PBXGroup;
			children = (
				2479690B2C44C9F800ABB9C6 /* WB HomeWorks.app */,
			);
			name = Products;
			sourceTree = "<group>";
		};
		2479690D2C44C9F800ABB9C6 /* WB HomeWorks */ = {
			isa = PBXGroup;
			children = (
				2479690E2C44C9F800ABB9C6 /* WB_HomeWorksApp.swift */,
				247969102C44C9F800ABB9C6 /* ContentView.swift */,
				247969122C44C9FA00ABB9C6 /* Assets.xcassets */,
				247969142C44C9FA00ABB9C6 /* Preview Content */,
			);
			path = "WB HomeWorks";
			sourceTree = "<group>";
		};
		247969142C44C9FA00ABB9C6 /* Preview Content */ = {
			isa = PBXGroup;
			children = (
				247969152C44C9FA00ABB9C6 /* Preview Assets.xcassets */,
			);
			path = "Preview Content";
			sourceTree = "<group>";
		};
/* End PBXGroup section */

/* Begin PBXNativeTarget section */
		2479690A2C44C9F800ABB9C6 /* WB HomeWorks */ = {
			isa = PBXNativeTarget;
			buildConfigurationList = 247969192C44C9FA00ABB9C6 /* Build configuration list for PBXNativeTarget "WB HomeWorks" */;
			buildPhases = (
				247969072C44C9F800ABB9C6 /* Sources */,
				247969082C44C9F800ABB9C6 /* Frameworks */,
				247969092C44C9F800ABB9C6 /* Resources */,
			);
			buildRules = (
			);
			dependencies = (
			);
			name = "WB HomeWorks";
			packageProductDependencies = (
				24785BBC2C451A0D003A4908 /* HomeWorkUI */,
				24785BBE2C451A10003A4908 /* PinCodeScreen */,
				240BE7922C46531B004A2955 /* SendPhoneScreen */,
			);
			productName = "WB HomeWorks";
			productReference = 2479690B2C44C9F800ABB9C6 /* WB HomeWorks.app */;
			productType = "com.apple.product-type.application";
		};
/* End PBXNativeTarget section */

/* Begin PBXProject section */
		247969032C44C9F800ABB9C6 /* Project object */ = {
			isa = PBXProject;
			attributes = {
				BuildIndependentTargetsInParallel = 1;
				LastSwiftUpdateCheck = 1520;
				LastUpgradeCheck = 1520;
				TargetAttributes = {
					2479690A2C44C9F800ABB9C6 = {
						CreatedOnToolsVersion = 15.2;
					};
				};
			};
			buildConfigurationList = 247969062C44C9F800ABB9C6 /* Build configuration list for PBXProject "WB HomeWorks" */;
			compatibilityVersion = "Xcode 14.0";
			developmentRegion = en;
			hasScannedForEncodings = 0;
			knownRegions = (
				en,
				Base,
			);
			mainGroup = 247969022C44C9F800ABB9C6;
			productRefGroup = 2479690C2C44C9F800ABB9C6 /* Products */;
			projectDirPath = "";
			projectRoot = "";
			targets = (
				2479690A2C44C9F800ABB9C6 /* WB HomeWorks */,
			);
		};
/* End PBXProject section */

/* Begin PBXResourcesBuildPhase section */
		247969092C44C9F800ABB9C6 /* Resources */ = {
			isa = PBXResourcesBuildPhase;
			buildActionMask = 2147483647;
			files = (
				247969162C44C9FA00ABB9C6 /* Preview Assets.xcassets in Resources */,
				247969132C44C9FA00ABB9C6 /* Assets.xcassets in Resources */,
			);
			runOnlyForDeploymentPostprocessing = 0;
		};
/* End PBXResourcesBuildPhase section */

/* Begin PBXSourcesBuildPhase section */
		247969072C44C9F800ABB9C6 /* Sources */ = {
			isa = PBXSourcesBuildPhase;
			buildActionMask = 2147483647;
			files = (
				247969112C44C9F800ABB9C6 /* ContentView.swift in Sources */,
				2479690F2C44C9F800ABB9C6 /* WB_HomeWorksApp.swift in Sources */,
			);
			runOnlyForDeploymentPostprocessing = 0;
		};
/* End PBXSourcesBuildPhase section */

/* Begin XCBuildConfiguration section */
		247969172C44C9FA00ABB9C6 /* Debug */ = {
			isa = XCBuildConfiguration;
			buildSettings = {
				ALWAYS_SEARCH_USER_PATHS = NO;
				ASSETCATALOG_COMPILER_GENERATE_SWIFT_ASSET_SYMBOL_EXTENSIONS = YES;
				CLANG_ANALYZER_NONNULL = YES;
				CLANG_ANALYZER_NUMBER_OBJECT_CONVERSION = YES_AGGRESSIVE;
				CLANG_CXX_LANGUAGE_STANDARD = "gnu++20";
				CLANG_ENABLE_MODULES = YES;
				CLANG_ENABLE_OBJC_ARC = YES;
				CLANG_ENABLE_OBJC_WEAK = YES;
				CLANG_WARN_BLOCK_CAPTURE_AUTORELEASING = YES;
				CLANG_WARN_BOOL_CONVERSION = YES;
				CLANG_WARN_COMMA = YES;
				CLANG_WARN_CONSTANT_CONVERSION = YES;
				CLANG_WARN_DEPRECATED_OBJC_IMPLEMENTATIONS = YES;
				CLANG_WARN_DIRECT_OBJC_ISA_USAGE = YES_ERROR;
				CLANG_WARN_DOCUMENTATION_COMMENTS = YES;
				CLANG_WARN_EMPTY_BODY = YES;
				CLANG_WARN_ENUM_CONVERSION = YES;
				CLANG_WARN_INFINITE_RECURSION = YES;
				CLANG_WARN_INT_CONVERSION = YES;
				CLANG_WARN_NON_LITERAL_NULL_CONVERSION = YES;
				CLANG_WARN_OBJC_IMPLICIT_RETAIN_SELF = YES;
				CLANG_WARN_OBJC_LITERAL_CONVERSION = YES;
				CLANG_WARN_OBJC_ROOT_CLASS = YES_ERROR;
				CLANG_WARN_QUOTED_INCLUDE_IN_FRAMEWORK_HEADER = YES;
				CLANG_WARN_RANGE_LOOP_ANALYSIS = YES;
				CLANG_WARN_STRICT_PROTOTYPES = YES;
				CLANG_WARN_SUSPICIOUS_MOVE = YES;
				CLANG_WARN_UNGUARDED_AVAILABILITY = YES_AGGRESSIVE;
				CLANG_WARN_UNREACHABLE_CODE = YES;
				CLANG_WARN__DUPLICATE_METHOD_MATCH = YES;
				COPY_PHASE_STRIP = NO;
				DEBUG_INFORMATION_FORMAT = dwarf;
				ENABLE_STRICT_OBJC_MSGSEND = YES;
				ENABLE_TESTABILITY = YES;
				ENABLE_USER_SCRIPT_SANDBOXING = YES;
				GCC_C_LANGUAGE_STANDARD = gnu17;
				GCC_DYNAMIC_NO_PIC = NO;
				GCC_NO_COMMON_BLOCKS = YES;
				GCC_OPTIMIZATION_LEVEL = 0;
				GCC_PREPROCESSOR_DEFINITIONS = (
					"DEBUG=1",
					"$(inherited)",
				);
				GCC_WARN_64_TO_32_BIT_CONVERSION = YES;
				GCC_WARN_ABOUT_RETURN_TYPE = YES_ERROR;
				GCC_WARN_UNDECLARED_SELECTOR = YES;
				GCC_WARN_UNINITIALIZED_AUTOS = YES_AGGRESSIVE;
				GCC_WARN_UNUSED_FUNCTION = YES;
				GCC_WARN_UNUSED_VARIABLE = YES;
				IPHONEOS_DEPLOYMENT_TARGET = 17.2;
				LOCALIZATION_PREFERS_STRING_CATALOGS = YES;
				MTL_ENABLE_DEBUG_INFO = INCLUDE_SOURCE;
				MTL_FAST_MATH = YES;
				ONLY_ACTIVE_ARCH = YES;
				SDKROOT = iphoneos;
				SWIFT_ACTIVE_COMPILATION_CONDITIONS = "DEBUG $(inherited)";
				SWIFT_OPTIMIZATION_LEVEL = "-Onone";
			};
			name = Debug;
		};
		247969182C44C9FA00ABB9C6 /* Release */ = {
			isa = XCBuildConfiguration;
			buildSettings = {
				ALWAYS_SEARCH_USER_PATHS = NO;
				ASSETCATALOG_COMPILER_GENERATE_SWIFT_ASSET_SYMBOL_EXTENSIONS = YES;
				CLANG_ANALYZER_NONNULL = YES;
				CLANG_ANALYZER_NUMBER_OBJECT_CONVERSION = YES_AGGRESSIVE;
				CLANG_CXX_LANGUAGE_STANDARD = "gnu++20";
				CLANG_ENABLE_MODULES = YES;
				CLANG_ENABLE_OBJC_ARC = YES;
				CLANG_ENABLE_OBJC_WEAK = YES;
				CLANG_WARN_BLOCK_CAPTURE_AUTORELEASING = YES;
				CLANG_WARN_BOOL_CONVERSION = YES;
				CLANG_WARN_COMMA = YES;
				CLANG_WARN_CONSTANT_CONVERSION = YES;
				CLANG_WARN_DEPRECATED_OBJC_IMPLEMENTATIONS = YES;
				CLANG_WARN_DIRECT_OBJC_ISA_USAGE = YES_ERROR;
				CLANG_WARN_DOCUMENTATION_COMMENTS = YES;
				CLANG_WARN_EMPTY_BODY = YES;
				CLANG_WARN_ENUM_CONVERSION = YES;
				CLANG_WARN_INFINITE_RECURSION = YES;
				CLANG_WARN_INT_CONVERSION = YES;
				CLANG_WARN_NON_LITERAL_NULL_CONVERSION = YES;
				CLANG_WARN_OBJC_IMPLICIT_RETAIN_SELF = YES;
				CLANG_WARN_OBJC_LITERAL_CONVERSION = YES;
				CLANG_WARN_OBJC_ROOT_CLASS = YES_ERROR;
				CLANG_WARN_QUOTED_INCLUDE_IN_FRAMEWORK_HEADER = YES;
				CLANG_WARN_RANGE_LOOP_ANALYSIS = YES;
				CLANG_WARN_STRICT_PROTOTYPES = YES;
				CLANG_WARN_SUSPICIOUS_MOVE = YES;
				CLANG_WARN_UNGUARDED_AVAILABILITY = YES_AGGRESSIVE;
				CLANG_WARN_UNREACHABLE_CODE = YES;
				CLANG_WARN__DUPLICATE_METHOD_MATCH = YES;
				COPY_PHASE_STRIP = NO;
				DEBUG_INFORMATION_FORMAT = "dwarf-with-dsym";
				ENABLE_NS_ASSERTIONS = NO;
				ENABLE_STRICT_OBJC_MSGSEND = YES;
				ENABLE_USER_SCRIPT_SANDBOXING = YES;
				GCC_C_LANGUAGE_STANDARD = gnu17;
				GCC_NO_COMMON_BLOCKS = YES;
				GCC_WARN_64_TO_32_BIT_CONVERSION = YES;
				GCC_WARN_ABOUT_RETURN_TYPE = YES_ERROR;
				GCC_WARN_UNDECLARED_SELECTOR = YES;
				GCC_WARN_UNINITIALIZED_AUTOS = YES_AGGRESSIVE;
				GCC_WARN_UNUSED_FUNCTION = YES;
				GCC_WARN_UNUSED_VARIABLE = YES;
				IPHONEOS_DEPLOYMENT_TARGET = 17.2;
				LOCALIZATION_PREFERS_STRING_CATALOGS = YES;
				MTL_ENABLE_DEBUG_INFO = NO;
				MTL_FAST_MATH = YES;
				SDKROOT = iphoneos;
				SWIFT_COMPILATION_MODE = wholemodule;
				VALIDATE_PRODUCT = YES;
			};
			name = Release;
		};
		2479691A2C44C9FA00ABB9C6 /* Debug */ = {
			isa = XCBuildConfiguration;
			buildSettings = {
				ASSETCATALOG_COMPILER_APPICON_NAME = AppIcon;
				ASSETCATALOG_COMPILER_GLOBAL_ACCENT_COLOR_NAME = AccentColor;
				CODE_SIGN_STYLE = Automatic;
				CURRENT_PROJECT_VERSION = 1;
				DEVELOPMENT_ASSET_PATHS = "\"WB HomeWorks/Preview Content\"";
				DEVELOPMENT_TEAM = 77692KWH3F;
				ENABLE_PREVIEWS = YES;
				GENERATE_INFOPLIST_FILE = YES;
				INFOPLIST_KEY_UIApplicationSceneManifest_Generation = YES;
				INFOPLIST_KEY_UIApplicationSupportsIndirectInputEvents = YES;
				INFOPLIST_KEY_UILaunchScreen_Generation = YES;
				INFOPLIST_KEY_UISupportedInterfaceOrientations_iPad = "UIInterfaceOrientationPortrait UIInterfaceOrientationPortraitUpsideDown UIInterfaceOrientationLandscapeLeft UIInterfaceOrientationLandscapeRight";
				INFOPLIST_KEY_UISupportedInterfaceOrientations_iPhone = "UIInterfaceOrientationPortrait UIInterfaceOrientationLandscapeLeft UIInterfaceOrientationLandscapeRight";
				LD_RUNPATH_SEARCH_PATHS = (
					"$(inherited)",
					"@executable_path/Frameworks",
				);
				MARKETING_VERSION = 1.0;
				PRODUCT_BUNDLE_IDENTIFIER = "ru.wildberries.WBTeam2.WB-HomeWorks";
				PRODUCT_NAME = "$(TARGET_NAME)";
				SWIFT_EMIT_LOC_STRINGS = YES;
				SWIFT_VERSION = 5.0;
				TARGETED_DEVICE_FAMILY = "1,2";
			};
			name = Debug;
		};
		2479691B2C44C9FA00ABB9C6 /* Release */ = {
			isa = XCBuildConfiguration;
			buildSettings = {
				ASSETCATALOG_COMPILER_APPICON_NAME = AppIcon;
				ASSETCATALOG_COMPILER_GLOBAL_ACCENT_COLOR_NAME = AccentColor;
				CODE_SIGN_STYLE = Automatic;
				CURRENT_PROJECT_VERSION = 1;
				DEVELOPMENT_ASSET_PATHS = "\"WB HomeWorks/Preview Content\"";
				DEVELOPMENT_TEAM = 77692KWH3F;
				ENABLE_PREVIEWS = YES;
				GENERATE_INFOPLIST_FILE = YES;
				INFOPLIST_KEY_UIApplicationSceneManifest_Generation = YES;
				INFOPLIST_KEY_UIApplicationSupportsIndirectInputEvents = YES;
				INFOPLIST_KEY_UILaunchScreen_Generation = YES;
				INFOPLIST_KEY_UISupportedInterfaceOrientations_iPad = "UIInterfaceOrientationPortrait UIInterfaceOrientationPortraitUpsideDown UIInterfaceOrientationLandscapeLeft UIInterfaceOrientationLandscapeRight";
				INFOPLIST_KEY_UISupportedInterfaceOrientations_iPhone = "UIInterfaceOrientationPortrait UIInterfaceOrientationLandscapeLeft UIInterfaceOrientationLandscapeRight";
				LD_RUNPATH_SEARCH_PATHS = (
					"$(inherited)",
					"@executable_path/Frameworks",
				);
				MARKETING_VERSION = 1.0;
				PRODUCT_BUNDLE_IDENTIFIER = "ru.wildberries.WBTeam2.WB-HomeWorks";
				PRODUCT_NAME = "$(TARGET_NAME)";
				SWIFT_EMIT_LOC_STRINGS = YES;
				SWIFT_VERSION = 5.0;
				TARGETED_DEVICE_FAMILY = "1,2";
			};
			name = Release;
		};
/* End XCBuildConfiguration section */

/* Begin XCConfigurationList section */
		247969062C44C9F800ABB9C6 /* Build configuration list for PBXProject "WB HomeWorks" */ = {
			isa = XCConfigurationList;
			buildConfigurations = (
				247969172C44C9FA00ABB9C6 /* Debug */,
				247969182C44C9FA00ABB9C6 /* Release */,
			);
			defaultConfigurationIsVisible = 0;
			defaultConfigurationName = Release;
		};
		247969192C44C9FA00ABB9C6 /* Build configuration list for PBXNativeTarget "WB HomeWorks" */ = {
			isa = XCConfigurationList;
			buildConfigurations = (
				2479691A2C44C9FA00ABB9C6 /* Debug */,
				2479691B2C44C9FA00ABB9C6 /* Release */,
			);
			defaultConfigurationIsVisible = 0;
			defaultConfigurationName = Release;
		};
/* End XCConfigurationList section */

/* Begin XCSwiftPackageProductDependency section */
		240BE7922C46531B004A2955 /* SendPhoneScreen */ = {
			isa = XCSwiftPackageProductDependency;
			productName = SendPhoneScreen;
		};
		24785BBC2C451A0D003A4908 /* HomeWorkUI */ = {
			isa = XCSwiftPackageProductDependency;
			productName = HomeWorkUI;
		};
		24785BBE2C451A10003A4908 /* PinCodeScreen */ = {
			isa = XCSwiftPackageProductDependency;
			productName = PinCodeScreen;
		};
/* End XCSwiftPackageProductDependency section */
	};
	rootObject = 247969032C44C9F800ABB9C6 /* Project object */;
}
